
Microsoft Visual Studio Solution File, Format Version 12.00
# Visual Studio Version 17
VisualStudioVersion = 17.0.31903.59
MinimumVisualStudioVersion = 10.0.40219.1
Project("{2150E333-8FDC-42A3-9474-1A3956D46DE8}") = "src", "src", "{827E0CD3-B72D-47B6-A68D-7590B98EB39B}"
EndProject
Project("{FAE04EC0-301F-11D3-BF4B-00C04F79EFBC}") = "gridbase.Domain", "src\gridbase.Domain\gridbase.Domain.csproj", "{12B80474-39D6-45FD-9759-3782922DAE8B}"
EndProject
Project("{FAE04EC0-301F-11D3-BF4B-00C04F79EFBC}") = "gridbase.Application", "src\gridbase.Application\gridbase.Application.csproj", "{325B4F5A-A6DF-40D4-BA7C-219FDE0D8CF8}"
EndProject
Project("{FAE04EC0-301F-11D3-BF4B-00C04F79EFBC}") = "gridbase.Infrastructure", "src\gridbase.Infrastructure\gridbase.Infrastructure.csproj", "{937E4D04-58FB-4DA7-8345-620F17890703}"
EndProject
Project("{FAE04EC0-301F-11D3-BF4B-00C04F79EFBC}") = "gridbase.DTO", "src\gridbase.DTO\gridbase.DTO.csproj", "{79F923E6-C15D-40E2-A32C-A831D2CF0623}"
EndProject
Project("{FAE04EC0-301F-11D3-BF4B-00C04F79EFBC}") = "gridbase.WebApi", "src\gridbase.WebApi\gridbase.WebApi.csproj", "{9B175B1D-0958-4124-9DCE-D4C16493580E}"
EndProject
Project("{FAE04EC0-301F-11D3-BF4B-00C04F79EFBC}") = "gridbase.FileApi", "src\gridbase.FileApi\gridbase.FileApi.csproj", "{18B90735-0791-49E8-A168-D0219BB9FF02}"
EndProject
Global
	GlobalSection(SolutionConfigurationPlatforms) = preSolution
		Debug|Any CPU = Debug|Any CPU
		Debug|x64 = Debug|x64
		Debug|x86 = Debug|x86
		Release|Any CPU = Release|Any CPU
		Release|x64 = Release|x64
		Release|x86 = Release|x86
	EndGlobalSection
	GlobalSection(ProjectConfigurationPlatforms) = postSolution
		{12B80474-39D6-45FD-9759-3782922DAE8B}.Debug|Any CPU.ActiveCfg = Debug|Any CPU
		{12B80474-39D6-45FD-9759-3782922DAE8B}.Debug|Any CPU.Build.0 = Debug|Any CPU
		{12B80474-39D6-45FD-9759-3782922DAE8B}.Debug|x64.ActiveCfg = Debug|Any CPU
		{12B80474-39D6-45FD-9759-3782922DAE8B}.Debug|x64.Build.0 = Debug|Any CPU
		{12B80474-39D6-45FD-9759-3782922DAE8B}.Debug|x86.ActiveCfg = Debug|Any CPU
		{12B80474-39D6-45FD-9759-3782922DAE8B}.Debug|x86.Build.0 = Debug|Any CPU
		{12B80474-39D6-45FD-9759-3782922DAE8B}.Release|Any CPU.ActiveCfg = Release|Any CPU
		{12B80474-39D6-45FD-9759-3782922DAE8B}.Release|Any CPU.Build.0 = Release|Any CPU
		{12B80474-39D6-45FD-9759-3782922DAE8B}.Release|x64.ActiveCfg = Release|Any CPU
		{12B80474-39D6-45FD-9759-3782922DAE8B}.Release|x64.Build.0 = Release|Any CPU
		{12B80474-39D6-45FD-9759-3782922DAE8B}.Release|x86.ActiveCfg = Release|Any CPU
		{12B80474-39D6-45FD-9759-3782922DAE8B}.Release|x86.Build.0 = Release|Any CPU
		{325B4F5A-A6DF-40D4-BA7C-219FDE0D8CF8}.Debug|Any CPU.ActiveCfg = Debug|Any CPU
		{325B4F5A-A6DF-40D4-BA7C-219FDE0D8CF8}.Debug|Any CPU.Build.0 = Debug|Any CPU
		{325B4F5A-A6DF-40D4-BA7C-219FDE0D8CF8}.Debug|x64.ActiveCfg = Debug|Any CPU
		{325B4F5A-A6DF-40D4-BA7C-219FDE0D8CF8}.Debug|x64.Build.0 = Debug|Any CPU
		{325B4F5A-A6DF-40D4-BA7C-219FDE0D8CF8}.Debug|x86.ActiveCfg = Debug|Any CPU
		{325B4F5A-A6DF-40D4-BA7C-219FDE0D8CF8}.Debug|x86.Build.0 = Debug|Any CPU
		{325B4F5A-A6DF-40D4-BA7C-219FDE0D8CF8}.Release|Any CPU.ActiveCfg = Release|Any CPU
		{325B4F5A-A6DF-40D4-BA7C-219FDE0D8CF8}.Release|Any CPU.Build.0 = Release|Any CPU
		{325B4F5A-A6DF-40D4-BA7C-219FDE0D8CF8}.Release|x64.ActiveCfg = Release|Any CPU
		{325B4F5A-A6DF-40D4-BA7C-219FDE0D8CF8}.Release|x64.Build.0 = Release|Any CPU
		{325B4F5A-A6DF-40D4-BA7C-219FDE0D8CF8}.Release|x86.ActiveCfg = Release|Any CPU
		{325B4F5A-A6DF-40D4-BA7C-219FDE0D8CF8}.Release|x86.Build.0 = Release|Any CPU
		{937E4D04-58FB-4DA7-8345-620F17890703}.Debug|Any CPU.ActiveCfg = Debug|Any CPU
		{937E4D04-58FB-4DA7-8345-620F17890703}.Debug|Any CPU.Build.0 = Debug|Any CPU
		{937E4D04-58FB-4DA7-8345-620F17890703}.Debug|x64.ActiveCfg = Debug|Any CPU
		{937E4D04-58FB-4DA7-8345-620F17890703}.Debug|x64.Build.0 = Debug|Any CPU
		{937E4D04-58FB-4DA7-8345-620F17890703}.Debug|x86.ActiveCfg = Debug|Any CPU
		{937E4D04-58FB-4DA7-8345-620F17890703}.Debug|x86.Build.0 = Debug|Any CPU
		{937E4D04-58FB-4DA7-8345-620F17890703}.Release|Any CPU.ActiveCfg = Release|Any CPU
		{937E4D04-58FB-4DA7-8345-620F17890703}.Release|Any CPU.Build.0 = Release|Any CPU
		{937E4D04-58FB-4DA7-8345-620F17890703}.Release|x64.ActiveCfg = Release|Any CPU
		{937E4D04-58FB-4DA7-8345-620F17890703}.Release|x64.Build.0 = Release|Any CPU
		{937E4D04-58FB-4DA7-8345-620F17890703}.Release|x86.ActiveCfg = Release|Any CPU
		{937E4D04-58FB-4DA7-8345-620F17890703}.Release|x86.Build.0 = Release|Any CPU
		{79F923E6-C15D-40E2-A32C-A831D2CF0623}.Debug|Any CPU.ActiveCfg = Debug|Any CPU
		{79F923E6-C15D-40E2-A32C-A831D2CF0623}.Debug|Any CPU.Build.0 = Debug|Any CPU
		{79F923E6-C15D-40E2-A32C-A831D2CF0623}.Debug|x64.ActiveCfg = Debug|Any CPU
		{79F923E6-C15D-40E2-A32C-A831D2CF0623}.Debug|x64.Build.0 = Debug|Any CPU
		{79F923E6-C15D-40E2-A32C-A831D2CF0623}.Debug|x86.ActiveCfg = Debug|Any CPU
		{79F923E6-C15D-40E2-A32C-A831D2CF0623}.Debug|x86.Build.0 = Debug|Any CPU
		{79F923E6-C15D-40E2-A32C-A831D2CF0623}.Release|Any CPU.ActiveCfg = Release|Any CPU
		{79F923E6-C15D-40E2-A32C-A831D2CF0623}.Release|Any CPU.Build.0 = Release|Any CPU
		{79F923E6-C15D-40E2-A32C-A831D2CF0623}.Release|x64.ActiveCfg = Release|Any CPU
		{79F923E6-C15D-40E2-A32C-A831D2CF0623}.Release|x64.Build.0 = Release|Any CPU
		{79F923E6-C15D-40E2-A32C-A831D2CF0623}.Release|x86.ActiveCfg = Release|Any CPU
		{79F923E6-C15D-40E2-A32C-A831D2CF0623}.Release|x86.Build.0 = Release|Any CPU
		{9B175B1D-0958-4124-9DCE-D4C16493580E}.Debug|Any CPU.ActiveCfg = Debug|Any CPU
		{9B175B1D-0958-4124-9DCE-D4C16493580E}.Debug|Any CPU.Build.0 = Debug|Any CPU
		{9B175B1D-0958-4124-9DCE-D4C16493580E}.Debug|x64.ActiveCfg = Debug|Any CPU
		{9B175B1D-0958-4124-9DCE-D4C16493580E}.Debug|x64.Build.0 = Debug|Any CPU
		{9B175B1D-0958-4124-9DCE-D4C16493580E}.Debug|x86.ActiveCfg = Debug|Any CPU
		{9B175B1D-0958-4124-9DCE-D4C16493580E}.Debug|x86.Build.0 = Debug|Any CPU
		{9B175B1D-0958-4124-9DCE-D4C16493580E}.Release|Any CPU.ActiveCfg = Release|Any CPU
		{9B175B1D-0958-4124-9DCE-D4C16493580E}.Release|Any CPU.Build.0 = Release|Any CPU
		{9B175B1D-0958-4124-9DCE-D4C16493580E}.Release|x64.ActiveCfg = Release|Any CPU
		{9B175B1D-0958-4124-9DCE-D4C16493580E}.Release|x64.Build.0 = Release|Any CPU
		{9B175B1D-0958-4124-9DCE-D4C16493580E}.Release|x86.ActiveCfg = Release|Any CPU
		{9B175B1D-0958-4124-9DCE-D4C16493580E}.Release|x86.Build.0 = Release|Any CPU
		{18B90735-0791-49E8-A168-D0219BB9FF02}.Debug|Any CPU.ActiveCfg = Debug|Any CPU
		{18B90735-0791-49E8-A168-D0219BB9FF02}.Debug|Any CPU.Build.0 = Debug|Any CPU
		{18B90735-0791-49E8-A168-D0219BB9FF02}.Debug|x64.ActiveCfg = Debug|Any CPU
		{18B90735-0791-49E8-A168-D0219BB9FF02}.Debug|x64.Build.0 = Debug|Any CPU
		{18B90735-0791-49E8-A168-D0219BB9FF02}.Debug|x86.ActiveCfg = Debug|Any CPU
		{18B90735-0791-49E8-A168-D0219BB9FF02}.Debug|x86.Build.0 = Debug|Any CPU
		{18B90735-0791-49E8-A168-D0219BB9FF02}.Release|Any CPU.ActiveCfg = Release|Any CPU
		{18B90735-0791-49E8-A168-D0219BB9FF02}.Release|Any CPU.Build.0 = Release|Any CPU
		{18B90735-0791-49E8-A168-D0219BB9FF02}.Release|x64.ActiveCfg = Release|Any CPU
		{18B90735-0791-49E8-A168-D0219BB9FF02}.Release|x64.Build.0 = Release|Any CPU
		{18B90735-0791-49E8-A168-D0219BB9FF02}.Release|x86.ActiveCfg = Release|Any CPU
		{18B90735-0791-49E8-A168-D0219BB9FF02}.Release|x86.Build.0 = Release|Any CPU
	EndGlobalSection
	GlobalSection(SolutionProperties) = preSolution
		HideSolutionNode = FALSE
	EndGlobalSection
	GlobalSection(NestedProjects) = preSolution
		{12B80474-39D6-45FD-9759-3782922DAE8B} = {827E0CD3-B72D-47B6-A68D-7590B98EB39B}
		{325B4F5A-A6DF-40D4-BA7C-219FDE0D8CF8} = {827E0CD3-B72D-47B6-A68D-7590B98EB39B}
		{937E4D04-58FB-4DA7-8345-620F17890703} = {827E0CD3-B72D-47B6-A68D-7590B98EB39B}
		{79F923E6-C15D-40E2-A32C-A831D2CF0623} = {827E0CD3-B72D-47B6-A68D-7590B98EB39B}
		{9B175B1D-0958-4124-9DCE-D4C16493580E} = {827E0CD3-B72D-47B6-A68D-7590B98EB39B}
		{18B90735-0791-49E8-A168-D0219BB9FF02} = {827E0CD3-B72D-47B6-A68D-7590B98EB39B}
	EndGlobalSection
EndGlobal
